{
  "name": "nodejs",
  "lockfileVersion": 3,
  "requires": true,
  "packages": {
    "": {
      "dependencies": {
        "@sendgrid/eventwebhook": "^7.7.0"
      }
    },
    "node_modules/@sendgrid/eventwebhook": {
      "version": "7.7.0",
      "resolved": "https://registry.npmjs.org/@sendgrid/eventwebhook/-/eventwebhook-7.7.0.tgz",
      "integrity": "sha512-L2C6nzZgG6YZ/jfXCEqn5l8K8+6oxvhaQ9v/cIM6aXxRHwmTAia9s20snafgTLa27w//vcs+W+MDEm8x4sN+xg==",
      "dependencies": {
        "starkbank-ecdsa": "^1.1.1"
      },
      "engines": {
        "node": "6.* || 8.* || >=10.*"
      }
    },
    "node_modules/big-integer": {
      "version": "1.6.51",
      "resolved": "https://registry.npmjs.org/big-integer/-/big-integer-1.6.51.tgz",
      "integrity": "sha512-GPEid2Y9QU1Exl1rpO9B2IPJGHPSupF5GnVIP0blYvNOMer2bTvSWs1jGOUg04hTmu67nmLsQ9TBo1puaotBHg==",
      "engines": {
        "node": ">=0.6"
      }
    },
    "node_modules/js-sha256": {
      "version": "0.9.0",
      "resolved": "https://registry.npmjs.org/js-sha256/-/js-sha256-0.9.0.tgz",
      "integrity": "sha512-sga3MHh9sgQN2+pJ9VYZ+1LPwXOxuBJBA5nrR5/ofPfuiJBE2hnjsaN8se8JznOmGLN2p49Pe5U/ttafcs/apA=="
    },
    "node_modules/starkbank-ecdsa": {
      "version": "1.1.5",
      "resolved": "https://registry.npmjs.org/starkbank-ecdsa/-/starkbank-ecdsa-1.1.5.tgz",
      "integrity": "sha512-5O9CJ0QF6pTrtDg6dmaHy1GC/2wA1tcXsYanWOCzg+2cZrCDylEvEl6krzI4Zy8ryar00lHErRTT2Q61w/MUVA==",
      "dependencies": {
        "big-integer": "^1.6.48",
        "js-sha256": "^0.9.0"
      }
    }
  }
}
